PODS:
  - appsFlyer (1.0.0):
    - AppsFlyerFramework (= 6.11.2)
  - AppsFlyerFramework (6.11.2):
    - AppsFlyerFramework/Main (= 6.11.2)
  - AppsFlyerFramework/Main (6.11.2)

DEPENDENCIES:
  - appsFlyer (from `../appsFlyer`)

SPEC REPOS:
  https://github.com/CocoaPods/Specs.git:
    - AppsFlyerFramework

EXTERNAL SOURCES:
  appsFlyer:
    :path: "../appsFlyer"

SPEC CHECKSUMS:
  appsFlyer: f9cf0bfa3bcc2037535e632ab755acf3b126449a
  AppsFlyerFramework: e22e8f0e746b4f568d9bb0b078180c6ad95e2609

PODFILE CHECKSUM: d50d8313e456c54928cef335462bacc2c93cf938

COCOAPODS: 1.15.0
